
Microsoft Visual Studio Solution File, Format Version 12.00
# Visual Studio Version 17
VisualStudioVersion = 17.7.34031.279
MinimumVisualStudioVersion = 10.0.40219.1
Project("{9A19103F-16F7-4668-BE54-9A1E7A4F7556}") = "NPC_Wizard_Client", "NPC_Wizard_Client.csproj", "{AEED4A1A-4558-456F-857A-89C09B7B5DDE}"
EndProject
Global
	GlobalSection(SolutionConfigurationPlatforms) = preSolution
		Debug|Any CPU = Debug|Any CPU
		Release|Any CPU = Release|Any CPU
	EndGlobalSection
	GlobalSection(ProjectConfigurationPlatforms) = postSolution
		{AEED4A1A-4558-456F-857A-89C09B7B5DDE}.Debug|Any CPU.ActiveCfg = Debug|Any CPU
		{AEED4A1A-4558-456F-857A-89C09B7B5DDE}.Debug|Any CPU.Build.0 = Debug|Any CPU
		{AEED4A1A-4558-456F-857A-89C09B7B5DDE}.Release|Any CPU.ActiveCfg = Release|Any CPU
		{AEED4A1A-4558-456F-857A-89C09B7B5DDE}.Release|Any CPU.Build.0 = Release|Any CPU
	EndGlobalSection
	GlobalSection(SolutionProperties) = preSolution
		HideSolutionNode = FALSE
	EndGlobalSection
	GlobalSection(ExtensibilityGlobals) = postSolution
		SolutionGuid = {1385EC1A-9040-42EF-8321-18E52A1CDDD4}
	EndGlobalSection
EndGlobal
